
Microsoft Visual Studio Solution File, Format Version 12.00
# Visual Studio Version 16
VisualStudioVersion = 16.0.29123.88
MinimumVisualStudioVersion = 10.0.40219.1
Project("{FAE04EC0-301F-11D3-BF4B-00C04F79EFBC}") = "Bebidas.ConsoleApp", "Bebidas.ConsoleApp\Bebidas.ConsoleApp.csproj", "{A2741686-E6D8-4C65-B71C-9832AC906628}"
EndProject
Project("{FAE04EC0-301F-11D3-BF4B-00C04F79EFBC}") = "WindowsApp", "WindowsApp\WindowsApp.csproj", "{7AAEB62D-96DB-492E-A350-DA5BA30A84FE}"
EndProject
Project("{FAE04EC0-301F-11D3-BF4B-00C04F79EFBC}") = "Dados", "Dados\Dados.csproj", "{8E938AB0-342C-410B-9BEE-DE12838BA70C}"
EndProject
Project("{FAE04EC0-301F-11D3-BF4B-00C04F79EFBC}") = "WebAppWebForms", "WebAppWebForms\WebAppWebForms.csproj", "{EF6151AC-B5E9-4B63-BE84-A4FD2BEE89C9}"
EndProject
Global
	GlobalSection(SolutionConfigurationPlatforms) = preSolution
		Debug|Any CPU = Debug|Any CPU
		Release|Any CPU = Release|Any CPU
	EndGlobalSection
	GlobalSection(ProjectConfigurationPlatforms) = postSolution
		{A2741686-E6D8-4C65-B71C-9832AC906628}.Debug|Any CPU.ActiveCfg = Debug|Any CPU
		{A2741686-E6D8-4C65-B71C-9832AC906628}.Debug|Any CPU.Build.0 = Debug|Any CPU
		{A2741686-E6D8-4C65-B71C-9832AC906628}.Release|Any CPU.ActiveCfg = Release|Any CPU
		{A2741686-E6D8-4C65-B71C-9832AC906628}.Release|Any CPU.Build.0 = Release|Any CPU
		{7AAEB62D-96DB-492E-A350-DA5BA30A84FE}.Debug|Any CPU.ActiveCfg = Debug|Any CPU
		{7AAEB62D-96DB-492E-A350-DA5BA30A84FE}.Debug|Any CPU.Build.0 = Debug|Any CPU
		{7AAEB62D-96DB-492E-A350-DA5BA30A84FE}.Release|Any CPU.ActiveCfg = Release|Any CPU
		{7AAEB62D-96DB-492E-A350-DA5BA30A84FE}.Release|Any CPU.Build.0 = Release|Any CPU
		{8E938AB0-342C-410B-9BEE-DE12838BA70C}.Debug|Any CPU.ActiveCfg = Debug|Any CPU
		{8E938AB0-342C-410B-9BEE-DE12838BA70C}.Debug|Any CPU.Build.0 = Debug|Any CPU
		{8E938AB0-342C-410B-9BEE-DE12838BA70C}.Release|Any CPU.ActiveCfg = Release|Any CPU
		{8E938AB0-342C-410B-9BEE-DE12838BA70C}.Release|Any CPU.Build.0 = Release|Any CPU
		{EF6151AC-B5E9-4B63-BE84-A4FD2BEE89C9}.Debug|Any CPU.ActiveCfg = Debug|Any CPU
		{EF6151AC-B5E9-4B63-BE84-A4FD2BEE89C9}.Debug|Any CPU.Build.0 = Debug|Any CPU
		{EF6151AC-B5E9-4B63-BE84-A4FD2BEE89C9}.Release|Any CPU.ActiveCfg = Release|Any CPU
		{EF6151AC-B5E9-4B63-BE84-A4FD2BEE89C9}.Release|Any CPU.Build.0 = Release|Any CPU
	EndGlobalSection
	GlobalSection(SolutionProperties) = preSolution
		HideSolutionNode = FALSE
	EndGlobalSection
	GlobalSection(ExtensibilityGlobals) = postSolution
		SolutionGuid = {9E5A07E2-B9E7-4A5A-86A2-92D9E73CAC92}
	EndGlobalSection
EndGlobal
